// !$*UTF8*$!
{
	archiveVersion = 1;
	classes = {
	};
	objectVersion = 51;
	objects = {

/* Begin PBXBuildFile section */
		9036F1732610319700611191 /* DroppablePin.swift in Sources */ = {isa = PBXBuildFile; fileRef = 9036F1722610319700611191 /* DroppablePin.swift */; };
		90535898260E50D500CAFB0D /* AppDelegate.swift in Sources */ = {isa = PBXBuildFile; fileRef = 90535897260E50D500CAFB0D /* AppDelegate.swift */; };
		9053589A260E50D500CAFB0D /* SceneDelegate.swift in Sources */ = {isa = PBXBuildFile; fileRef = 90535899260E50D500CAFB0D /* SceneDelegate.swift */; };
		9053589C260E50D500CAFB0D /* MapVC.swift in Sources */ = {isa = PBXBuildFile; fileRef = 9053589B260E50D500CAFB0D /* MapVC.swift */; };
		9053589F260E50D500CAFB0D /* Main.storyboard in Resources */ = {isa = PBXBuildFile; fileRef = 9053589D260E50D500CAFB0D /* Main.storyboard */; };
		905358A1260E50D800CAFB0D /* Assets.xcassets in Resources */ = {isa = PBXBuildFile; fileRef = 905358A0260E50D800CAFB0D /* Assets.xcassets */; };
		905358A4260E50D800CAFB0D /* LaunchScreen.storyboard in Resources */ = {isa = PBXBuildFile; fileRef = 905358A2260E50D800CAFB0D /* LaunchScreen.storyboard */; };
		90637557261C91DD00503031 /* PopVC.swift in Sources */ = {isa = PBXBuildFile; fileRef = 90637556261C91DD00503031 /* PopVC.swift */; };
		90C0461D26187BD800F92099 /* PhotoCell.swift in Sources */ = {isa = PBXBuildFile; fileRef = 90C0461C26187BD800F92099 /* PhotoCell.swift */; };
		90C046202618852F00F92099 /* Constants.swift in Sources */ = {isa = PBXBuildFile; fileRef = 90C0461F2618852F00F92099 /* Constants.swift */; };
		AED329FCC9E9C1CC58C2A2AB /* Pods_PixelCity.framework in Frameworks */ = {isa = PBXBuildFile; fileRef = 9A095381A242A53B936EB36A /* Pods_PixelCity.framework */; };
/* End PBXBuildFile section */

/* Begin PBXFileReference section */
		37576A2739CC261DE824A114 /* Pods-PixelCity.debug.xcconfig */ = {isa = PBXFileReference; includeInIndex = 1; lastKnownFileType = text.xcconfig; name = "Pods-PixelCity.debug.xcconfig"; path = "Target Support Files/Pods-PixelCity/Pods-PixelCity.debug.xcconfig"; sourceTree = "<group>"; };
		9036F1722610319700611191 /* DroppablePin.swift */ = {isa = PBXFileReference; lastKnownFileType = sourcecode.swift; path = DroppablePin.swift; sourceTree = "<group>"; };
		90535894260E50D500CAFB0D /* PixelCity.app */ = {isa = PBXFileReference; explicitFileType = wrapper.application; includeInIndex = 0; path = PixelCity.app; sourceTree = BUILT_PRODUCTS_DIR; };
		90535897260E50D500CAFB0D /* AppDelegate.swift */ = {isa = PBXFileReference; lastKnownFileType = sourcecode.swift; path = AppDelegate.swift; sourceTree = "<group>"; };
		90535899260E50D500CAFB0D /* SceneDelegate.swift */ = {isa = PBXFileReference; lastKnownFileType = sourcecode.swift; path = SceneDelegate.swift; sourceTree = "<group>"; };
		9053589B260E50D500CAFB0D /* MapVC.swift */ = {isa = PBXFileReference; lastKnownFileType = sourcecode.swift; path = MapVC.swift; sourceTree = "<group>"; };
		9053589E260E50D500CAFB0D /* Base */ = {isa = PBXFileReference; lastKnownFileType = file.storyboard; name = Base; path = Base.lproj/Main.storyboard; sourceTree = "<group>"; };
		905358A0260E50D800CAFB0D /* Assets.xcassets */ = {isa = PBXFileReference; lastKnownFileType = folder.assetcatalog; path = Assets.xcassets; sourceTree = "<group>"; };
		905358A3260E50D800CAFB0D /* Base */ = {isa = PBXFileReference; lastKnownFileType = file.storyboard; name = Base; path = Base.lproj/LaunchScreen.storyboard; sourceTree = "<group>"; };
		905358A5260E50D800CAFB0D /* Info.plist */ = {isa = PBXFileReference; lastKnownFileType = text.plist.xml; path = Info.plist; sourceTree = "<group>"; };
		90637556261C91DD00503031 /* PopVC.swift */ = {isa = PBXFileReference; lastKnownFileType = sourcecode.swift; path = PopVC.swift; sourceTree = "<group>"; };
		90C0461C26187BD800F92099 /* PhotoCell.swift */ = {isa = PBXFileReference; lastKnownFileType = sourcecode.swift; path = PhotoCell.swift; sourceTree = "<group>"; };
		90C0461F2618852F00F92099 /* Constants.swift */ = {isa = PBXFileReference; lastKnownFileType = sourcecode.swift; path = Constants.swift; sourceTree = "<group>"; };
		9705E05CE9629457AFAD2F73 /* Pods-PixelCity.release.xcconfig */ = {isa = PBXFileReference; includeInIndex = 1; lastKnownFileType = text.xcconfig; name = "Pods-PixelCity.release.xcconfig"; path = "Target Support Files/Pods-PixelCity/Pods-PixelCity.release.xcconfig"; sourceTree = "<group>"; };
		9A095381A242A53B936EB36A /* Pods_PixelCity.framework */ = {isa = PBXFileReference; explicitFileType = wrapper.framework; includeInIndex = 0; path = Pods_PixelCity.framework; sourceTree = BUILT_PRODUCTS_DIR; };
/* End PBXFileReference section */

/* Begin PBXFrameworksBuildPhase section */
		90535891260E50D500CAFB0D /* Frameworks */ = {
			isa = PBXFrameworksBuildPhase;
			buildActionMask = 2147483647;
			files = (
				AED329FCC9E9C1CC58C2A2AB /* Pods_PixelCity.framework in Frameworks */,
			);
			runOnlyForDeploymentPostprocessing = 0;
		};
/* End PBXFrameworksBuildPhase section */

/* Begin PBXGroup section */
		19E5EC9C526569E2CB630F1B /* Pods */ = {
			isa = PBXGroup;
			children = (
				37576A2739CC261DE824A114 /* Pods-PixelCity.debug.xcconfig */,
				9705E05CE9629457AFAD2F73 /* Pods-PixelCity.release.xcconfig */,
			);
			path = Pods;
			sourceTree = "<group>";
		};
		3F0849546A9CD93FD89E324B /* Frameworks */ = {
			isa = PBXGroup;
			children = (
				9A095381A242A53B936EB36A /* Pods_PixelCity.framework */,
			);
			name = Frameworks;
			sourceTree = "<group>";
		};
		9053588B260E50D500CAFB0D = {
			isa = PBXGroup;
			children = (
				90535896260E50D500CAFB0D /* PixelCity */,
				90535895260E50D500CAFB0D /* Products */,
				19E5EC9C526569E2CB630F1B /* Pods */,
				3F0849546A9CD93FD89E324B /* Frameworks */,
			);
			sourceTree = "<group>";
		};
		90535895260E50D500CAFB0D /* Products */ = {
			isa = PBXGroup;
			children = (
				90535894260E50D500CAFB0D /* PixelCity.app */,
			);
			name = Products;
			sourceTree = "<group>";
		};
		90535896260E50D500CAFB0D /* PixelCity */ = {
			isa = PBXGroup;
			children = (
				905358AF260E514800CAFB0D /* Utilities */,
				905358AE260E513500CAFB0D /* Extensions */,
				905358AD260E512300CAFB0D /* Views */,
				905358AC260E511600CAFB0D /* Controllers */,
				90535897260E50D500CAFB0D /* AppDelegate.swift */,
				90535899260E50D500CAFB0D /* SceneDelegate.swift */,
				9053589D260E50D500CAFB0D /* Main.storyboard */,
				905358A0260E50D800CAFB0D /* Assets.xcassets */,
				905358A2260E50D800CAFB0D /* LaunchScreen.storyboard */,
				905358A5260E50D800CAFB0D /* Info.plist */,
			);
			path = PixelCity;
			sourceTree = "<group>";
		};
		905358AC260E511600CAFB0D /* Controllers */ = {
			isa = PBXGroup;
			children = (
				9053589B260E50D500CAFB0D /* MapVC.swift */,
				90637556261C91DD00503031 /* PopVC.swift */,
			);
			path = Controllers;
			sourceTree = "<group>";
		};
		905358AD260E512300CAFB0D /* Views */ = {
			isa = PBXGroup;
			children = (
				9036F1722610319700611191 /* DroppablePin.swift */,
				90C0461C26187BD800F92099 /* PhotoCell.swift */,
			);
			path = Views;
			sourceTree = "<group>";
		};
		905358AE260E513500CAFB0D /* Extensions */ = {
			isa = PBXGroup;
			children = (
			);
			path = Extensions;
			sourceTree = "<group>";
		};
		905358AF260E514800CAFB0D /* Utilities */ = {
			isa = PBXGroup;
			children = (
				90C0461F2618852F00F92099 /* Constants.swift */,
			);
			path = Utilities;
			sourceTree = "<group>";
		};
/* End PBXGroup section */

/* Begin PBXNativeTarget section */
		90535893260E50D500CAFB0D /* PixelCity */ = {
			isa = PBXNativeTarget;
			buildConfigurationList = 905358A8260E50D800CAFB0D /* Build configuration list for PBXNativeTarget "PixelCity" */;
			buildPhases = (
				5FB1B16CFC40B9114E86C4BE /* [CP] Check Pods Manifest.lock */,
				90535890260E50D500CAFB0D /* Sources */,
				90535891260E50D500CAFB0D /* Frameworks */,
				90535892260E50D500CAFB0D /* Resources */,
				DAAF6348FC252CB00BA9BF6A /* [CP] Embed Pods Frameworks */,
			);
			buildRules = (
			);
			dependencies = (
			);
			name = PixelCity;
			productName = PixelCity;
			productReference = 90535894260E50D500CAFB0D /* PixelCity.app */;
			productType = "com.apple.product-type.application";
		};
/* End PBXNativeTarget section */

/* Begin PBXProject section */
		9053588C260E50D500CAFB0D /* Project object */ = {
			isa = PBXProject;
			attributes = {
				LastSwiftUpdateCheck = 1240;
				LastUpgradeCheck = 1240;
				TargetAttributes = {
					90535893260E50D500CAFB0D = {
						CreatedOnToolsVersion = 12.4;
					};
				};
			};
			buildConfigurationList = 9053588F260E50D500CAFB0D /* Build configuration list for PBXProject "PixelCity" */;
			compatibilityVersion = "Xcode 9.3";
			developmentRegion = en;
			hasScannedForEncodings = 0;
			knownRegions = (
				en,
				Base,
			);
			mainGroup = 9053588B260E50D500CAFB0D;
			productRefGroup = 90535895260E50D500CAFB0D /* Products */;
			projectDirPath = "";
			projectRoot = "";
			targets = (
				90535893260E50D500CAFB0D /* PixelCity */,
			);
		};
/* End PBXProject section */

/* Begin PBXResourcesBuildPhase section */
		90535892260E50D500CAFB0D /* Resources */ = {
			isa = PBXResourcesBuildPhase;
			buildActionMask = 2147483647;
			files = (
				905358A4260E50D800CAFB0D /* LaunchScreen.storyboard in Resources */,
				905358A1260E50D800CAFB0D /* Assets.xcassets in Resources */,
				9053589F260E50D500CAFB0D /* Main.storyboard in Resources */,
			);
			runOnlyForDeploymentPostprocessing = 0;
		};
/* End PBXResourcesBuildPhase section */

/* Begin PBXShellScriptBuildPhase section */
		5FB1B16CFC40B9114E86C4BE /* [CP] Check Pods Manifest.lock */ = {
			isa = PBXShellScriptBuildPhase;
			buildActionMask = 2147483647;
			files = (
			);
			inputFileListPaths = (
			);
			inputPaths = (
				"${PODS_PODFILE_DIR_PATH}/Podfile.lock",
				"${PODS_ROOT}/Manifest.lock",
			);
			name = "[CP] Check Pods Manifest.lock";
			outputFileListPaths = (
			);
			outputPaths = (
				"$(DERIVED_FILE_DIR)/Pods-PixelCity-checkManifestLockResult.txt",
			);
			runOnlyForDeploymentPostprocessing = 0;
			shellPath = /bin/sh;
			shellScript = "diff \"${PODS_PODFILE_DIR_PATH}/Podfile.lock\" \"${PODS_ROOT}/Manifest.lock\" > /dev/null\nif [ $? != 0 ] ; then\n    # print error to STDERR\n    echo \"error: The sandbox is not in sync with the Podfile.lock. Run 'pod install' or update your CocoaPods installation.\" >&2\n    exit 1\nfi\n# This output is used by Xcode 'outputs' to avoid re-running this script phase.\necho \"SUCCESS\" > \"${SCRIPT_OUTPUT_FILE_0}\"\n";
			showEnvVarsInLog = 0;
		};
		DAAF6348FC252CB00BA9BF6A /* [CP] Embed Pods Frameworks */ = {
			isa = PBXShellScriptBuildPhase;
			buildActionMask = 2147483647;
			files = (
			);
			inputFileListPaths = (
				"${PODS_ROOT}/Target Support Files/Pods-PixelCity/Pods-PixelCity-frameworks-${CONFIGURATION}-input-files.xcfilelist",
			);
			name = "[CP] Embed Pods Frameworks";
			outputFileListPaths = (
				"${PODS_ROOT}/Target Support Files/Pods-PixelCity/Pods-PixelCity-frameworks-${CONFIGURATION}-output-files.xcfilelist",
			);
			runOnlyForDeploymentPostprocessing = 0;
			shellPath = /bin/sh;
			shellScript = "\"${PODS_ROOT}/Target Support Files/Pods-PixelCity/Pods-PixelCity-frameworks.sh\"\n";
			showEnvVarsInLog = 0;
		};
/* End PBXShellScriptBuildPhase section */

/* Begin PBXSourcesBuildPhase section */
		90535890260E50D500CAFB0D /* Sources */ = {
			isa = PBXSourcesBuildPhase;
			buildActionMask = 2147483647;
			files = (
				9053589C260E50D500CAFB0D /* MapVC.swift in Sources */,
				90C0461D26187BD800F92099 /* PhotoCell.swift in Sources */,
				90637557261C91DD00503031 /* PopVC.swift in Sources */,
				9036F1732610319700611191 /* DroppablePin.swift in Sources */,
				90535898260E50D500CAFB0D /* AppDelegate.swift in Sources */,
				9053589A260E50D500CAFB0D /* SceneDelegate.swift in Sources */,
				90C046202618852F00F92099 /* Constants.swift in Sources */,
			);
			runOnlyForDeploymentPostprocessing = 0;
		};
/* End PBXSourcesBuildPhase section */

/* Begin PBXVariantGroup section */
		9053589D260E50D500CAFB0D /* Main.storyboard */ = {
			isa = PBXVariantGroup;
			children = (
				9053589E260E50D500CAFB0D /* Base */,
			);
			name = Main.storyboard;
			sourceTree = "<group>";
		};
		905358A2260E50D800CAFB0D /* LaunchScreen.storyboard */ = {
			isa = PBXVariantGroup;
			children = (
				905358A3260E50D800CAFB0D /* Base */,
			);
			name = LaunchScreen.storyboard;
			sourceTree = "<group>";
		};
/* End PBXVariantGroup section */

/* Begin XCBuildConfiguration section */
		905358A6260E50D800CAFB0D /* Debug */ = {
			isa = XCBuildConfiguration;
			buildSettings = {
				ALWAYS_SEARCH_USER_PATHS = NO;
				CLANG_ANALYZER_NONNULL = YES;
				CLANG_ANALYZER_NUMBER_OBJECT_CONVERSION = YES_AGGRESSIVE;
				CLANG_CXX_LANGUAGE_STANDARD = "gnu++14";
				CLANG_CXX_LIBRARY = "libc++";
				CLANG_ENABLE_MODULES = YES;
				CLANG_ENABLE_OBJC_ARC = YES;
				CLANG_ENABLE_OBJC_WEAK = YES;
				CLANG_WARN_BLOCK_CAPTURE_AUTORELEASING = YES;
				CLANG_WARN_BOOL_CONVERSION = YES;
				CLANG_WARN_COMMA = YES;
				CLANG_WARN_CONSTANT_CONVERSION = YES;
				CLANG_WARN_DEPRECATED_OBJC_IMPLEMENTATIONS = YES;
				CLANG_WARN_DIRECT_OBJC_ISA_USAGE = YES_ERROR;
				CLANG_WARN_DOCUMENTATION_COMMENTS = YES;
				CLANG_WARN_EMPTY_BODY = YES;
				CLANG_WARN_ENUM_CONVERSION = YES;
				CLANG_WARN_INFINITE_RECURSION = YES;
				CLANG_WARN_INT_CONVERSION = YES;
				CLANG_WARN_NON_LITERAL_NULL_CONVERSION = YES;
				CLANG_WARN_OBJC_IMPLICIT_RETAIN_SELF = YES;
				CLANG_WARN_OBJC_LITERAL_CONVERSION = YES;
				CLANG_WARN_OBJC_ROOT_CLASS = YES_ERROR;
				CLANG_WARN_QUOTED_INCLUDE_IN_FRAMEWORK_HEADER = YES;
				CLANG_WARN_RANGE_LOOP_ANALYSIS = YES;
				CLANG_WARN_STRICT_PROTOTYPES = YES;
				CLANG_WARN_SUSPICIOUS_MOVE = YES;
				CLANG_WARN_UNGUARDED_AVAILABILITY = YES_AGGRESSIVE;
				CLANG_WARN_UNREACHABLE_CODE = YES;
				CLANG_WARN__DUPLICATE_METHOD_MATCH = YES;
				COPY_PHASE_STRIP = NO;
				DEBUG_INFORMATION_FORMAT = dwarf;
				ENABLE_STRICT_OBJC_MSGSEND = YES;
				ENABLE_TESTABILITY = YES;
				GCC_C_LANGUAGE_STANDARD = gnu11;
				GCC_DYNAMIC_NO_PIC = NO;
				GCC_NO_COMMON_BLOCKS = YES;
				GCC_OPTIMIZATION_LEVEL = 0;
				GCC_PREPROCESSOR_DEFINITIONS = (
					"DEBUG=1",
					"$(inherited)",
				);
				GCC_WARN_64_TO_32_BIT_CONVERSION = YES;
				GCC_WARN_ABOUT_RETURN_TYPE = YES_ERROR;
				GCC_WARN_UNDECLARED_SELECTOR = YES;
				GCC_WARN_UNINITIALIZED_AUTOS = YES_AGGRESSIVE;
				GCC_WARN_UNUSED_FUNCTION = YES;
				GCC_WARN_UNUSED_VARIABLE = YES;
				IPHONEOS_DEPLOYMENT_TARGET = 14.4;
				MTL_ENABLE_DEBUG_INFO = INCLUDE_SOURCE;
				MTL_FAST_MATH = YES;
				ONLY_ACTIVE_ARCH = YES;
				SDKROOT = iphoneos;
				SWIFT_ACTIVE_COMPILATION_CONDITIONS = DEBUG;
				SWIFT_OPTIMIZATION_LEVEL = "-Onone";
			};
			name = Debug;
		};
		905358A7260E50D800CAFB0D /* Release */ = {
			isa = XCBuildConfiguration;
			buildSettings = {
				ALWAYS_SEARCH_USER_PATHS = NO;
				CLANG_ANALYZER_NONNULL = YES;
				CLANG_ANALYZER_NUMBER_OBJECT_CONVERSION = YES_AGGRESSIVE;
				CLANG_CXX_LANGUAGE_STANDARD = "gnu++14";
				CLANG_CXX_LIBRARY = "libc++";
				CLANG_ENABLE_MODULES = YES;
				CLANG_ENABLE_OBJC_ARC = YES;
				CLANG_ENABLE_OBJC_WEAK = YES;
				CLANG_WARN_BLOCK_CAPTURE_AUTORELEASING = YES;
				CLANG_WARN_BOOL_CONVERSION = YES;
				CLANG_WARN_COMMA = YES;
				CLANG_WARN_CONSTANT_CONVERSION = YES;
				CLANG_WARN_DEPRECATED_OBJC_IMPLEMENTATIONS = YES;
				CLANG_WARN_DIRECT_OBJC_ISA_USAGE = YES_ERROR;
				CLANG_WARN_DOCUMENTATION_COMMENTS = YES;
				CLANG_WARN_EMPTY_BODY = YES;
				CLANG_WARN_ENUM_CONVERSION = YES;
				CLANG_WARN_INFINITE_RECURSION = YES;
				CLANG_WARN_INT_CONVERSION = YES;
				CLANG_WARN_NON_LITERAL_NULL_CONVERSION = YES;
				CLANG_WARN_OBJC_IMPLICIT_RETAIN_SELF = YES;
				CLANG_WARN_OBJC_LITERAL_CONVERSION = YES;
				CLANG_WARN_OBJC_ROOT_CLASS = YES_ERROR;
				CLANG_WARN_QUOTED_INCLUDE_IN_FRAMEWORK_HEADER = YES;
				CLANG_WARN_RANGE_LOOP_ANALYSIS = YES;
				CLANG_WARN_STRICT_PROTOTYPES = YES;
				CLANG_WARN_SUSPICIOUS_MOVE = YES;
				CLANG_WARN_UNGUARDED_AVAILABILITY = YES_AGGRESSIVE;
				CLANG_WARN_UNREACHABLE_CODE = YES;
				CLANG_WARN__DUPLICATE_METHOD_MATCH = YES;
				COPY_PHASE_STRIP = NO;
				DEBUG_INFORMATION_FORMAT = "dwarf-with-dsym";
				ENABLE_NS_ASSERTIONS = NO;
				ENABLE_STRICT_OBJC_MSGSEND = YES;
				GCC_C_LANGUAGE_STANDARD = gnu11;
				GCC_NO_COMMON_BLOCKS = YES;
				GCC_WARN_64_TO_32_BIT_CONVERSION = YES;
				GCC_WARN_ABOUT_RETURN_TYPE = YES_ERROR;
				GCC_WARN_UNDECLARED_SELECTOR = YES;
				GCC_WARN_UNINITIALIZED_AUTOS = YES_AGGRESSIVE;
				GCC_WARN_UNUSED_FUNCTION = YES;
				GCC_WARN_UNUSED_VARIABLE = YES;
				IPHONEOS_DEPLOYMENT_TARGET = 14.4;
				MTL_ENABLE_DEBUG_INFO = NO;
				MTL_FAST_MATH = YES;
				SDKROOT = iphoneos;
				SWIFT_COMPILATION_MODE = wholemodule;
				SWIFT_OPTIMIZATION_LEVEL = "-O";
				VALIDATE_PRODUCT = YES;
			};
			name = Release;
		};
		905358A9260E50D800CAFB0D /* Debug */ = {
			isa = XCBuildConfiguration;
			baseConfigurationReference = 37576A2739CC261DE824A114 /* Pods-PixelCity.debug.xcconfig */;
			buildSettings = {
				ASSETCATALOG_COMPILER_APPICON_NAME = AppIcon;
				ASSETCATALOG_COMPILER_GLOBAL_ACCENT_COLOR_NAME = AccentColor;
				CODE_SIGN_STYLE = Automatic;
				DEVELOPMENT_TEAM = 239C4LZ4JZ;
				INFOPLIST_FILE = PixelCity/Info.plist;
				LD_RUNPATH_SEARCH_PATHS = (
					"$(inherited)",
					"@executable_path/Frameworks",
				);
				PRODUCT_BUNDLE_IDENTIFIER = com.rahimov.PixelCity;
				PRODUCT_NAME = "$(TARGET_NAME)";
				SWIFT_VERSION = 5.0;
				TARGETED_DEVICE_FAMILY = "1,2";
			};
			name = Debug;
		};
		905358AA260E50D800CAFB0D /* Release */ = {
			isa = XCBuildConfiguration;
			baseConfigurationReference = 9705E05CE9629457AFAD2F73 /* Pods-PixelCity.release.xcconfig */;
			buildSettings = {
				ASSETCATALOG_COMPILER_APPICON_NAME = AppIcon;
				ASSETCATALOG_COMPILER_GLOBAL_ACCENT_COLOR_NAME = AccentColor;
				CODE_SIGN_STYLE = Automatic;
				DEVELOPMENT_TEAM = 239C4LZ4JZ;
				INFOPLIST_FILE = PixelCity/Info.plist;
				LD_RUNPATH_SEARCH_PATHS = (
					"$(inherited)",
					"@executable_path/Frameworks",
				);
				PRODUCT_BUNDLE_IDENTIFIER = com.rahimov.PixelCity;
				PRODUCT_NAME = "$(TARGET_NAME)";
				SWIFT_VERSION = 5.0;
				TARGETED_DEVICE_FAMILY = "1,2";
			};
			name = Release;
		};
/* End XCBuildConfiguration section */

/* Begin XCConfigurationList section */
		9053588F260E50D500CAFB0D /* Build configuration list for PBXProject "PixelCity" */ = {
			isa = XCConfigurationList;
			buildConfigurations = (
				905358A6260E50D800CAFB0D /* Debug */,
				905358A7260E50D800CAFB0D /* Release */,
			);
			defaultConfigurationIsVisible = 0;
			defaultConfigurationName = Release;
		};
		905358A8260E50D800CAFB0D /* Build configuration list for PBXNativeTarget "PixelCity" */ = {
			isa = XCConfigurationList;
			buildConfigurations = (
				905358A9260E50D800CAFB0D /* Debug */,
				905358AA260E50D800CAFB0D /* Release */,
			);
			defaultConfigurationIsVisible = 0;
			defaultConfigurationName = Release;
		};
/* End XCConfigurationList section */
	};
	rootObject = 9053588C260E50D500CAFB0D /* Project object */;
}
